
Microsoft Visual Studio Solution File, Format Version 12.00
# Visual Studio Version 17
VisualStudioVersion = 17.1.32210.238
MinimumVisualStudioVersion = 10.0.40219.1
Project("{FAE04EC0-301F-11D3-BF4B-00C04F79EFBC}") = "OOPSConcepts", "OOPSConcepts\OOPSConcepts.csproj", "{923428BD-4F67-4D84-A1CA-FFEF4B718D0B}"
EndProject
Global
	GlobalSection(SolutionConfigurationPlatforms) = preSolution
		Debug|Any CPU = Debug|Any CPU
		Release|Any CPU = Release|Any CPU
	EndGlobalSection
	GlobalSection(ProjectConfigurationPlatforms) = postSolution
		{923428BD-4F67-4D84-A1CA-FFEF4B718D0B}.Debug|Any CPU.ActiveCfg = Debug|Any CPU
		{923428BD-4F67-4D84-A1CA-FFEF4B718D0B}.Debug|Any CPU.Build.0 = Debug|Any CPU
		{923428BD-4F67-4D84-A1CA-FFEF4B718D0B}.Release|Any CPU.ActiveCfg = Release|Any CPU
		{923428BD-4F67-4D84-A1CA-FFEF4B718D0B}.Release|Any CPU.Build.0 = Release|Any CPU
	EndGlobalSection
	GlobalSection(SolutionProperties) = preSolution
		HideSolutionNode = FALSE
	EndGlobalSection
	GlobalSection(ExtensibilityGlobals) = postSolution
		SolutionGuid = {3A0AAE5A-4431-4480-B68C-BAEFAEE803F7}
	EndGlobalSection
EndGlobal
